<?xml version="1.0" encoding="utf-8"?>
<Project ToolsVersion="4.0" xmlns="http://schemas.microsoft.com/developer/msbuild/2003">
  <ItemGroup>
    <Filter Include="源文件">
      <UniqueIdentifier>{4FC737F1-C7A5-4376-A066-2A32D752A2FF}</UniqueIdentifier>
      <Extensions>cpp;c;cc;cxx;def;odl;idl;hpj;bat;asm;asmx</Extensions>
    </Filter>
    <Filter Include="头文件">
      <UniqueIdentifier>{93995380-89BD-4b04-88EB-625FBE52EBFB}</UniqueIdentifier>
      <Extensions>h;hh;hpp;hxx;hm;inl;inc;xsd</Extensions>
    </Filter>
    <Filter Include="资源文件">
      <UniqueIdentifier>{67DA6AB6-F800-4c08-8B7A-83BB121AAD01}</UniqueIdentifier>
      <Extensions>rc;ico;cur;bmp;dlg;rc2;rct;bin;rgs;gif;jpg;jpeg;jpe;resx;tiff;tif;png;wav;mfcribbon-ms</Extensions>
    </Filter>
    <Filter Include="Effect Files">
      <UniqueIdentifier>{c9924c2d-5065-409d-a863-0f7033e4cbc1}</UniqueIdentifier>
    </Filter>
    <Filter Include="GUI">
      <UniqueIdentifier>{912d1527-738b-4635-963e-fbd9acaa3577}</UniqueIdentifier>
    </Filter>
    <Filter Include="Graphics">
      <UniqueIdentifier>{58dcd3b8-9580-40e7-ad91-5cf583e2ebb5}</UniqueIdentifier>
    </Filter>
    <Filter Include="NativePlatform">
      <UniqueIdentifier>{0d4cbf6e-445a-4bfe-8a8e-ea6b4f1078ff}</UniqueIdentifier>
    </Filter>
  </ItemGroup>
  <ItemGroup>
    <ClInclude Include="include\soundclass.h">
      <Filter>头文件</Filter>
    </ClInclude>
    <ClInclude Include="include\textureclass.h">
      <Filter>头文件</Filter>
    </ClInclude>
    <ClInclude Include="include\fpsclass.h">
      <Filter>头文件</Filter>
    </ClInclude>
    <ClInclude Include="include\cpuclass.h">
      <Filter>头文件</Filter>
    </ClInclude>
    <ClInclude Include="include\timerclass.h">
      <Filter>头文件</Filter>
    </ClInclude>
    <ClInclude Include="include\ShaderManagerClass.h">
      <Filter>头文件</Filter>
    </ClInclude>
    <ClInclude Include="include\GraphicsClass.h">
      <Filter>头文件</Filter>
    </ClInclude>
    <ClInclude Include="include\FontShaderClass.h">
      <Filter>头文件</Filter>
    </ClInclude>
    <ClInclude Include="include\ShadowShaderClass.h">
      <Filter>头文件</Filter>
    </ClInclude>
    <ClInclude Include="include\DirectionalLightClass.h">
      <Filter>头文件</Filter>
    </ClInclude>
    <ClInclude Include="include\PointLightClass.h">
      <Filter>头文件</Filter>
    </ClInclude>
    <ClInclude Include="include\RenderTextureClass.h">
      <Filter>头文件</Filter>
    </ClInclude>
    <ClInclude Include="include\DepthShaderClass.h">
      <Filter>头文件</Filter>
    </ClInclude>
    <ClInclude Include="include\ModelClass.h">
      <Filter>头文件</Filter>
    </ClInclude>
    <ClInclude Include="include\PositionClass.h">
      <Filter>头文件</Filter>
    </ClInclude>
    <ClInclude Include="include\InputClass.h">
      <Filter>头文件</Filter>
    </ClInclude>
    <ClInclude Include="include\LightShaderClass.h">
      <Filter>头文件</Filter>
    </ClInclude>
    <ClInclude Include="include\TextClass.h">
      <Filter>头文件</Filter>
    </ClInclude>
    <ClInclude Include="include\FontClass.h">
      <Filter>头文件</Filter>
    </ClInclude>
    <ClInclude Include="Modules\GUI\GUIManager.h">
      <Filter>GUI</Filter>
    </ClInclude>
    <ClInclude Include="Modules\Graphics\DirectXPlatformManager.h">
      <Filter>Graphics</Filter>
    </ClInclude>
    <ClInclude Include="Modules\GUI\Image.h">
      <Filter>GUI</Filter>
    </ClInclude>
    <ClInclude Include="Modules\GUI\UICommon.h">
      <Filter>GUI</Filter>
    </ClInclude>
    <ClInclude Include="Modules\GUI\Skin.h">
      <Filter>GUI</Filter>
    </ClInclude>
    <ClInclude Include="Modules\Graphics\textureshaderclass.h">
      <Filter>Graphics</Filter>
    </ClInclude>
    <ClInclude Include="Modules\NativePlatform\NativePlatform.h">
      <Filter>NativePlatform</Filter>
    </ClInclude>
    <ClInclude Include="Modules\GUI\BaseLayout.h">
      <Filter>GUI</Filter>
    </ClInclude>
    <ClInclude Include="Modules\GUI\ExampleLayout.h">
      <Filter>GUI</Filter>
    </ClInclude>
    <ClInclude Include="Modules\Graphics\Camera.h">
      <Filter>Graphics</Filter>
    </ClInclude>
    <ClInclude Include="Modules\GUI\LayoutNode.h">
      <Filter>GUI</Filter>
    </ClInclude>
    <ClInclude Include="Modules\GUI\HorizontalLayoutGroup.h">
      <Filter>GUI</Filter>
    </ClInclude>
  </ItemGroup>
  <ItemGroup>
    <ClCompile Include="src\main.cpp">
      <Filter>源文件</Filter>
    </ClCompile>
    <ClCompile Include="src\soundclass.cpp">
      <Filter>源文件</Filter>
    </ClCompile>
    <ClCompile Include="src\textureclass.cpp">
      <Filter>源文件</Filter>
    </ClCompile>
    <ClCompile Include="src\fpsclass.cpp">
      <Filter>源文件</Filter>
    </ClCompile>
    <ClCompile Include="src\cpuclass.cpp">
      <Filter>源文件</Filter>
    </ClCompile>
    <ClCompile Include="src\timerclass.cpp">
      <Filter>源文件</Filter>
    </ClCompile>
    <ClCompile Include="src\ShaderManagerClass.cpp">
      <Filter>源文件</Filter>
    </ClCompile>
    <ClCompile Include="src\GraphicsClass.cpp">
      <Filter>源文件</Filter>
    </ClCompile>
    <ClCompile Include="src\FontShaderClass.cpp">
      <Filter>源文件</Filter>
    </ClCompile>
    <ClCompile Include="src\ShadowShaderClass.cpp">
      <Filter>源文件</Filter>
    </ClCompile>
    <ClCompile Include="src\DirectionalLightClass.cpp">
      <Filter>源文件</Filter>
    </ClCompile>
    <ClCompile Include="src\PointLightClass.cpp">
      <Filter>源文件</Filter>
    </ClCompile>
    <ClCompile Include="src\RenderTextureClass.cpp">
      <Filter>源文件</Filter>
    </ClCompile>
    <ClCompile Include="src\DepthShaderClass.cpp">
      <Filter>源文件</Filter>
    </ClCompile>
    <ClCompile Include="src\ModelClass.cpp">
      <Filter>源文件</Filter>
    </ClCompile>
    <ClCompile Include="src\PositionClass.cpp">
      <Filter>源文件</Filter>
    </ClCompile>
    <ClCompile Include="src\InputClass.cpp">
      <Filter>源文件</Filter>
    </ClCompile>
    <ClCompile Include="src\LightShaderClass.cpp">
      <Filter>源文件</Filter>
    </ClCompile>
    <ClCompile Include="src\TextClass.cpp">
      <Filter>源文件</Filter>
    </ClCompile>
    <ClCompile Include="src\FontClass.cpp">
      <Filter>源文件</Filter>
    </ClCompile>
    <ClCompile Include="Modules\GUI\GUIManager.cpp">
      <Filter>GUI</Filter>
    </ClCompile>
    <ClCompile Include="Modules\Graphics\DirectXPlatformManager.cpp">
      <Filter>Graphics</Filter>
    </ClCompile>
    <ClCompile Include="Modules\GUI\Image.cpp">
      <Filter>GUI</Filter>
    </ClCompile>
    <ClCompile Include="Modules\Graphics\textureshaderclass.cpp">
      <Filter>Graphics</Filter>
    </ClCompile>
    <ClCompile Include="Modules\NativePlatform\NativePlatform.cpp">
      <Filter>NativePlatform</Filter>
    </ClCompile>
    <ClCompile Include="Modules\GUI\BaseLayout.cpp">
      <Filter>GUI</Filter>
    </ClCompile>
    <ClCompile Include="Modules\GUI\ExampleLayout.cpp">
      <Filter>GUI</Filter>
    </ClCompile>
    <ClCompile Include="Modules\Graphics\Camera.cpp">
      <Filter>Graphics</Filter>
    </ClCompile>
    <ClCompile Include="Modules\GUI\LayoutNode.cpp">
      <Filter>GUI</Filter>
    </ClCompile>
    <ClCompile Include="Modules\GUI\HorizontalLayoutGroup.cpp">
      <Filter>GUI</Filter>
    </ClCompile>
  </ItemGroup>
  <ItemGroup>
    <None Include="media\RenderFX\font.ps">
      <Filter>Effect Files</Filter>
    </None>
    <None Include="media\RenderFX\font.vs">
      <Filter>Effect Files</Filter>
    </None>
    <None Include="media\RenderFX\light.ps">
      <Filter>Effect Files</Filter>
    </None>
    <None Include="media\RenderFX\light.vs">
      <Filter>Effect Files</Filter>
    </None>
    <None Include="packages.config" />
    <None Include="media\RenderFX\shadow.ps">
      <Filter>Effect Files</Filter>
    </None>
    <None Include="media\RenderFX\shadow.vs">
      <Filter>Effect Files</Filter>
    </None>
    <None Include="media\RenderFX\depth.ps">
      <Filter>Effect Files</Filter>
    </None>
    <None Include="media\RenderFX\depth.vs">
      <Filter>Effect Files</Filter>
    </None>
    <None Include="media\RenderFX\texture.ps">
      <Filter>Effect Files</Filter>
    </None>
    <None Include="media\RenderFX\texture.vs">
      <Filter>Effect Files</Filter>
    </None>
  </ItemGroup>
</Project>