<?xml version="1.0" encoding="utf-8"?>
<Project ToolsVersion="4.0" xmlns="http://schemas.microsoft.com/developer/msbuild/2003">
  <ItemGroup>
    <Filter Include="源文件">
      <UniqueIdentifier>{4FC737F1-C7A5-4376-A066-2A32D752A2FF}</UniqueIdentifier>
      <Extensions>cpp;c;cc;cxx;def;odl;idl;hpj;bat;asm;asmx</Extensions>
    </Filter>
    <Filter Include="头文件">
      <UniqueIdentifier>{93995380-89BD-4b04-88EB-625FBE52EBFB}</UniqueIdentifier>
      <Extensions>h;hh;hpp;hxx;hm;inl;inc;xsd</Extensions>
    </Filter>
    <Filter Include="资源文件">
      <UniqueIdentifier>{67DA6AB6-F800-4c08-8B7A-83BB121AAD01}</UniqueIdentifier>
      <Extensions>rc;ico;cur;bmp;dlg;rc2;rct;bin;rgs;gif;jpg;jpeg;jpe;resx;tiff;tif;png;wav;mfcribbon-ms</Extensions>
    </Filter>
    <Filter Include="Effect Files">
      <UniqueIdentifier>{c9924c2d-5065-409d-a863-0f7033e4cbc1}</UniqueIdentifier>
    </Filter>
  </ItemGroup>
  <ItemGroup>
    <ClInclude Include="include\cameraclass.h">
      <Filter>头文件</Filter>
    </ClInclude>
    <ClInclude Include="include\d3dclass.h">
      <Filter>头文件</Filter>
    </ClInclude>
    <ClInclude Include="include\graphicsclass.h">
      <Filter>头文件</Filter>
    </ClInclude>
    <ClInclude Include="include\inputclass.h">
      <Filter>头文件</Filter>
    </ClInclude>
    <ClInclude Include="include\soundclass.h">
      <Filter>头文件</Filter>
    </ClInclude>
    <ClInclude Include="include\systemclass.h">
      <Filter>头文件</Filter>
    </ClInclude>
    <ClInclude Include="include\fontclass.h">
      <Filter>头文件</Filter>
    </ClInclude>
    <ClInclude Include="include\textclass.h">
      <Filter>头文件</Filter>
    </ClInclude>
    <ClInclude Include="include\shaderclass.h">
      <Filter>头文件</Filter>
    </ClInclude>
    <ClInclude Include="include\textureclass.h">
      <Filter>头文件</Filter>
    </ClInclude>
    <ClInclude Include="include\bitmapclass.h">
      <Filter>头文件</Filter>
    </ClInclude>
    <ClInclude Include="include\lightshaderclass.h">
      <Filter>头文件</Filter>
    </ClInclude>
    <ClInclude Include="include\modelclass.h">
      <Filter>头文件</Filter>
    </ClInclude>
    <ClInclude Include="include\lightclass.h">
      <Filter>头文件</Filter>
    </ClInclude>
  </ItemGroup>
  <ItemGroup>
    <ClCompile Include="src\cameraclass.cpp">
      <Filter>源文件</Filter>
    </ClCompile>
    <ClCompile Include="src\d3dclass.cpp">
      <Filter>源文件</Filter>
    </ClCompile>
    <ClCompile Include="src\graphicsclass.cpp">
      <Filter>源文件</Filter>
    </ClCompile>
    <ClCompile Include="src\inputclass.cpp">
      <Filter>源文件</Filter>
    </ClCompile>
    <ClCompile Include="src\main.cpp">
      <Filter>源文件</Filter>
    </ClCompile>
    <ClCompile Include="src\soundclass.cpp">
      <Filter>源文件</Filter>
    </ClCompile>
    <ClCompile Include="src\systemclass.cpp">
      <Filter>源文件</Filter>
    </ClCompile>
    <ClCompile Include="src\fontclass.cpp">
      <Filter>源文件</Filter>
    </ClCompile>
    <ClCompile Include="src\textclass.cpp">
      <Filter>源文件</Filter>
    </ClCompile>
    <ClCompile Include="src\shaderclass.cpp">
      <Filter>源文件</Filter>
    </ClCompile>
    <ClCompile Include="src\textureclass.cpp">
      <Filter>源文件</Filter>
    </ClCompile>
    <ClCompile Include="src\bitmapclass.cpp">
      <Filter>源文件</Filter>
    </ClCompile>
    <ClCompile Include="src\lightshaderclass.cpp">
      <Filter>源文件</Filter>
    </ClCompile>
    <ClCompile Include="src\modelclass.cpp">
      <Filter>源文件</Filter>
    </ClCompile>
    <ClCompile Include="src\lightclass.cpp">
      <Filter>源文件</Filter>
    </ClCompile>
  </ItemGroup>
  <ItemGroup>
    <None Include="media\RenderFX\font.ps">
      <Filter>Effect Files</Filter>
    </None>
    <None Include="media\RenderFX\font.vs">
      <Filter>Effect Files</Filter>
    </None>
    <None Include="media\RenderFX\light.ps">
      <Filter>Effect Files</Filter>
    </None>
    <None Include="media\RenderFX\light.vs">
      <Filter>Effect Files</Filter>
    </None>
  </ItemGroup>
</Project>